
Microsoft Visual Studio Solution File, Format Version 12.00
# Visual Studio Version 16
VisualStudioVersion = 16.0.29503.13
MinimumVisualStudioVersion = 10.0.40219.1
Project("{FAE04EC0-301F-11D3-BF4B-00C04F79EFBC}") = "SSG_Lagerverwaltung", "SSG_Lagerverwaltung.csproj", "{B3E22B14-2FA7-4A76-95BB-23A6FABD39D5}"
EndProject
Global
	GlobalSection(SolutionConfigurationPlatforms) = preSolution
		Debug|Any CPU = Debug|Any CPU
		Release|Any CPU = Release|Any CPU
	EndGlobalSection
	GlobalSection(ProjectConfigurationPlatforms) = postSolution
		{B3E22B14-2FA7-4A76-95BB-23A6FABD39D5}.Debug|Any CPU.ActiveCfg = Debug|Any CPU
		{B3E22B14-2FA7-4A76-95BB-23A6FABD39D5}.Debug|Any CPU.Build.0 = Debug|Any CPU
		{B3E22B14-2FA7-4A76-95BB-23A6FABD39D5}.Release|Any CPU.ActiveCfg = Release|Any CPU
		{B3E22B14-2FA7-4A76-95BB-23A6FABD39D5}.Release|Any CPU.Build.0 = Release|Any CPU
	EndGlobalSection
	GlobalSection(SolutionProperties) = preSolution
		HideSolutionNode = FALSE
	EndGlobalSection
	GlobalSection(ExtensibilityGlobals) = postSolution
		SolutionGuid = {ACEC2F54-C3F0-4B12-9B8D-269F6D21CE87}
	EndGlobalSection
EndGlobal
